
Microsoft Visual Studio Solution File, Format Version 12.00
# Visual Studio Version 16
VisualStudioVersion = 16.0.30523.141
MinimumVisualStudioVersion = 10.0.40219.1
Project("{FAE04EC0-301F-11D3-BF4B-00C04F79EFBC}") = "BulkEF.Core", "BulkEF.Core\BulkEF.Core.csproj", "{E9598866-460C-4BA0-8B13-0FB698586089}"
EndProject
Project("{FAE04EC0-301F-11D3-BF4B-00C04F79EFBC}") = "BulkEF.SqlServer", "BulkEF.SqlServer\BulkEF.SqlServer.csproj", "{0C715B5F-B976-40E2-9D41-68C1EC6590BD}"
EndProject
Global
	GlobalSection(SolutionConfigurationPlatforms) = preSolution
		Debug|Any CPU = Debug|Any CPU
		Release|Any CPU = Release|Any CPU
	EndGlobalSection
	GlobalSection(ProjectConfigurationPlatforms) = postSolution
		{E9598866-460C-4BA0-8B13-0FB698586089}.Debug|Any CPU.ActiveCfg = Debug|Any CPU
		{E9598866-460C-4BA0-8B13-0FB698586089}.Debug|Any CPU.Build.0 = Debug|Any CPU
		{E9598866-460C-4BA0-8B13-0FB698586089}.Release|Any CPU.ActiveCfg = Release|Any CPU
		{E9598866-460C-4BA0-8B13-0FB698586089}.Release|Any CPU.Build.0 = Release|Any CPU
		{0C715B5F-B976-40E2-9D41-68C1EC6590BD}.Debug|Any CPU.ActiveCfg = Debug|Any CPU
		{0C715B5F-B976-40E2-9D41-68C1EC6590BD}.Debug|Any CPU.Build.0 = Debug|Any CPU
		{0C715B5F-B976-40E2-9D41-68C1EC6590BD}.Release|Any CPU.ActiveCfg = Release|Any CPU
		{0C715B5F-B976-40E2-9D41-68C1EC6590BD}.Release|Any CPU.Build.0 = Release|Any CPU
	EndGlobalSection
	GlobalSection(SolutionProperties) = preSolution
		HideSolutionNode = FALSE
	EndGlobalSection
	GlobalSection(ExtensibilityGlobals) = postSolution
		SolutionGuid = {84E9C03B-FAAE-4F53-8DDF-51679543E57D}
	EndGlobalSection
EndGlobal
